// !$*UTF8*$!
{
	archiveVersion = 1;
	classes = {
	};
	objectVersion = 50;
	objects = {

/* Begin PBXBuildFile section */
		B84E86A521181C8600AFD5DB /* AppDelegate.m in Sources */ = {isa = PBXBuildFile; fileRef = B84E86A421181C8600AFD5DB /* AppDelegate.m */; };
		B84E86A821181C8600AFD5DB /* ViewController.m in Sources */ = {isa = PBXBuildFile; fileRef = B84E86A721181C8600AFD5DB /* ViewController.m */; };
		B84E86AB21181C8600AFD5DB /* Main.storyboard in Resources */ = {isa = PBXBuildFile; fileRef = B84E86A921181C8600AFD5DB /* Main.storyboard */; };
		B84E86AD21181C8800AFD5DB /* Assets.xcassets in Resources */ = {isa = PBXBuildFile; fileRef = B84E86AC21181C8800AFD5DB /* Assets.xcassets */; };
		B84E86B021181C8800AFD5DB /* LaunchScreen.storyboard in Resources */ = {isa = PBXBuildFile; fileRef = B84E86AE21181C8800AFD5DB /* LaunchScreen.storyboard */; };
		B84E86B321181C8800AFD5DB /* main.m in Sources */ = {isa = PBXBuildFile; fileRef = B84E86B221181C8800AFD5DB /* main.m */; };
		B84E86BC21181C9D00AFD5DB /* MGJRouter.m in Sources */ = {isa = PBXBuildFile; fileRef = B84E86BB21181C9D00AFD5DB /* MGJRouter.m */; };
		B84E86C021182BFF00AFD5DB /* WXATabBarController.m in Sources */ = {isa = PBXBuildFile; fileRef = B84E86BF21182BFF00AFD5DB /* WXATabBarController.m */; };
		B84E86C321182C2200AFD5DB /* WXANavigationController.m in Sources */ = {isa = PBXBuildFile; fileRef = B84E86C221182C2200AFD5DB /* WXANavigationController.m */; };
		B84E86C621182C3400AFD5DB /* WXABaseController.m in Sources */ = {isa = PBXBuildFile; fileRef = B84E86C521182C3400AFD5DB /* WXABaseController.m */; };
/* End PBXBuildFile section */

/* Begin PBXFileReference section */
		B84E86A021181C8600AFD5DB /* WXAMGJRouterDemo.app */ = {isa = PBXFileReference; explicitFileType = wrapper.application; includeInIndex = 0; path = WXAMGJRouterDemo.app; sourceTree = BUILT_PRODUCTS_DIR; };
		B84E86A321181C8600AFD5DB /* AppDelegate.h */ = {isa = PBXFileReference; lastKnownFileType = sourcecode.c.h; path = AppDelegate.h; sourceTree = "<group>"; };
		B84E86A421181C8600AFD5DB /* AppDelegate.m */ = {isa = PBXFileReference; lastKnownFileType = sourcecode.c.objc; path = AppDelegate.m; sourceTree = "<group>"; };
		B84E86A621181C8600AFD5DB /* ViewController.h */ = {isa = PBXFileReference; lastKnownFileType = sourcecode.c.h; path = ViewController.h; sourceTree = "<group>"; };
		B84E86A721181C8600AFD5DB /* ViewController.m */ = {isa = PBXFileReference; lastKnownFileType = sourcecode.c.objc; path = ViewController.m; sourceTree = "<group>"; };
		B84E86AA21181C8600AFD5DB /* Base */ = {isa = PBXFileReference; lastKnownFileType = file.storyboard; name = Base; path = Base.lproj/Main.storyboard; sourceTree = "<group>"; };
		B84E86AC21181C8800AFD5DB /* Assets.xcassets */ = {isa = PBXFileReference; lastKnownFileType = folder.assetcatalog; path = Assets.xcassets; sourceTree = "<group>"; };
		B84E86AF21181C8800AFD5DB /* Base */ = {isa = PBXFileReference; lastKnownFileType = file.storyboard; name = Base; path = Base.lproj/LaunchScreen.storyboard; sourceTree = "<group>"; };
		B84E86B121181C8800AFD5DB /* Info.plist */ = {isa = PBXFileReference; lastKnownFileType = text.plist.xml; path = Info.plist; sourceTree = "<group>"; };
		B84E86B221181C8800AFD5DB /* main.m */ = {isa = PBXFileReference; lastKnownFileType = sourcecode.c.objc; path = main.m; sourceTree = "<group>"; };
		B84E86BA21181C9D00AFD5DB /* MGJRouter.h */ = {isa = PBXFileReference; fileEncoding = 4; lastKnownFileType = sourcecode.c.h; path = MGJRouter.h; sourceTree = "<group>"; };
		B84E86BB21181C9D00AFD5DB /* MGJRouter.m */ = {isa = PBXFileReference; fileEncoding = 4; lastKnownFileType = sourcecode.c.objc; path = MGJRouter.m; sourceTree = "<group>"; };
		B84E86BE21182BFF00AFD5DB /* WXATabBarController.h */ = {isa = PBXFileReference; lastKnownFileType = sourcecode.c.h; path = WXATabBarController.h; sourceTree = "<group>"; };
		B84E86BF21182BFF00AFD5DB /* WXATabBarController.m */ = {isa = PBXFileReference; lastKnownFileType = sourcecode.c.objc; path = WXATabBarController.m; sourceTree = "<group>"; };
		B84E86C121182C2200AFD5DB /* WXANavigationController.h */ = {isa = PBXFileReference; lastKnownFileType = sourcecode.c.h; path = WXANavigationController.h; sourceTree = "<group>"; };
		B84E86C221182C2200AFD5DB /* WXANavigationController.m */ = {isa = PBXFileReference; lastKnownFileType = sourcecode.c.objc; path = WXANavigationController.m; sourceTree = "<group>"; };
		B84E86C421182C3400AFD5DB /* WXABaseController.h */ = {isa = PBXFileReference; lastKnownFileType = sourcecode.c.h; path = WXABaseController.h; sourceTree = "<group>"; };
		B84E86C521182C3400AFD5DB /* WXABaseController.m */ = {isa = PBXFileReference; lastKnownFileType = sourcecode.c.objc; path = WXABaseController.m; sourceTree = "<group>"; };
/* End PBXFileReference section */

/* Begin PBXFrameworksBuildPhase section */
		B84E869D21181C8600AFD5DB /* Frameworks */ = {
			isa = PBXFrameworksBuildPhase;
			buildActionMask = 2147483647;
			files = (
			);
			runOnlyForDeploymentPostprocessing = 0;
		};
/* End PBXFrameworksBuildPhase section */

/* Begin PBXGroup section */
		B84E869721181C8600AFD5DB = {
			isa = PBXGroup;
			children = (
				B84E86B921181C9D00AFD5DB /* MGJRouter */,
				B84E86A221181C8600AFD5DB /* WXAMGJRouterDemo */,
				B84E86A121181C8600AFD5DB /* Products */,
			);
			sourceTree = "<group>";
		};
		B84E86A121181C8600AFD5DB /* Products */ = {
			isa = PBXGroup;
			children = (
				B84E86A021181C8600AFD5DB /* WXAMGJRouterDemo.app */,
			);
			name = Products;
			sourceTree = "<group>";
		};
		B84E86A221181C8600AFD5DB /* WXAMGJRouterDemo */ = {
			isa = PBXGroup;
			children = (
				B84E86A321181C8600AFD5DB /* AppDelegate.h */,
				B84E86A421181C8600AFD5DB /* AppDelegate.m */,
				B84E86BD21182B9E00AFD5DB /* WXABaseController */,
				B84E86A621181C8600AFD5DB /* ViewController.h */,
				B84E86A721181C8600AFD5DB /* ViewController.m */,
				B84E86A921181C8600AFD5DB /* Main.storyboard */,
				B84E86AC21181C8800AFD5DB /* Assets.xcassets */,
				B84E86AE21181C8800AFD5DB /* LaunchScreen.storyboard */,
				B84E86B121181C8800AFD5DB /* Info.plist */,
				B84E86B221181C8800AFD5DB /* main.m */,
			);
			path = WXAMGJRouterDemo;
			sourceTree = "<group>";
		};
		B84E86B921181C9D00AFD5DB /* MGJRouter */ = {
			isa = PBXGroup;
			children = (
				B84E86BA21181C9D00AFD5DB /* MGJRouter.h */,
				B84E86BB21181C9D00AFD5DB /* MGJRouter.m */,
			);
			name = MGJRouter;
			path = WXAMGJRouterDemo/MGJRouter;
			sourceTree = "<group>";
		};
		B84E86BD21182B9E00AFD5DB /* WXABaseController */ = {
			isa = PBXGroup;
			children = (
				B84E86BE21182BFF00AFD5DB /* WXATabBarController.h */,
				B84E86BF21182BFF00AFD5DB /* WXATabBarController.m */,
				B84E86C121182C2200AFD5DB /* WXANavigationController.h */,
				B84E86C221182C2200AFD5DB /* WXANavigationController.m */,
				B84E86C421182C3400AFD5DB /* WXABaseController.h */,
				B84E86C521182C3400AFD5DB /* WXABaseController.m */,
			);
			path = WXABaseController;
			sourceTree = "<group>";
		};
/* End PBXGroup section */

/* Begin PBXNativeTarget section */
		B84E869F21181C8600AFD5DB /* WXAMGJRouterDemo */ = {
			isa = PBXNativeTarget;
			buildConfigurationList = B84E86B621181C8800AFD5DB /* Build configuration list for PBXNativeTarget "WXAMGJRouterDemo" */;
			buildPhases = (
				B84E869C21181C8600AFD5DB /* Sources */,
				B84E869D21181C8600AFD5DB /* Frameworks */,
				B84E869E21181C8600AFD5DB /* Resources */,
			);
			buildRules = (
			);
			dependencies = (
			);
			name = WXAMGJRouterDemo;
			productName = WXAMGJRouterDemo;
			productReference = B84E86A021181C8600AFD5DB /* WXAMGJRouterDemo.app */;
			productType = "com.apple.product-type.application";
		};
/* End PBXNativeTarget section */

/* Begin PBXProject section */
		B84E869821181C8600AFD5DB /* Project object */ = {
			isa = PBXProject;
			attributes = {
				CLASSPREFIX = WXA;
				LastUpgradeCheck = 0940;
				ORGANIZATIONNAME = WXA;
				TargetAttributes = {
					B84E869F21181C8600AFD5DB = {
						CreatedOnToolsVersion = 9.4.1;
					};
				};
			};
			buildConfigurationList = B84E869B21181C8600AFD5DB /* Build configuration list for PBXProject "WXAMGJRouterDemo" */;
			compatibilityVersion = "Xcode 9.3";
			developmentRegion = en;
			hasScannedForEncodings = 0;
			knownRegions = (
				en,
				Base,
			);
			mainGroup = B84E869721181C8600AFD5DB;
			productRefGroup = B84E86A121181C8600AFD5DB /* Products */;
			projectDirPath = "";
			projectRoot = "";
			targets = (
				B84E869F21181C8600AFD5DB /* WXAMGJRouterDemo */,
			);
		};
/* End PBXProject section */

/* Begin PBXResourcesBuildPhase section */
		B84E869E21181C8600AFD5DB /* Resources */ = {
			isa = PBXResourcesBuildPhase;
			buildActionMask = 2147483647;
			files = (
				B84E86B021181C8800AFD5DB /* LaunchScreen.storyboard in Resources */,
				B84E86AD21181C8800AFD5DB /* Assets.xcassets in Resources */,
				B84E86AB21181C8600AFD5DB /* Main.storyboard in Resources */,
			);
			runOnlyForDeploymentPostprocessing = 0;
		};
/* End PBXResourcesBuildPhase section */

/* Begin PBXSourcesBuildPhase section */
		B84E869C21181C8600AFD5DB /* Sources */ = {
			isa = PBXSourcesBuildPhase;
			buildActionMask = 2147483647;
			files = (
				B84E86C621182C3400AFD5DB /* WXABaseController.m in Sources */,
				B84E86A821181C8600AFD5DB /* ViewController.m in Sources */,
				B84E86BC21181C9D00AFD5DB /* MGJRouter.m in Sources */,
				B84E86C021182BFF00AFD5DB /* WXATabBarController.m in Sources */,
				B84E86B321181C8800AFD5DB /* main.m in Sources */,
				B84E86C321182C2200AFD5DB /* WXANavigationController.m in Sources */,
				B84E86A521181C8600AFD5DB /* AppDelegate.m in Sources */,
			);
			runOnlyForDeploymentPostprocessing = 0;
		};
/* End PBXSourcesBuildPhase section */

/* Begin PBXVariantGroup section */
		B84E86A921181C8600AFD5DB /* Main.storyboard */ = {
			isa = PBXVariantGroup;
			children = (
				B84E86AA21181C8600AFD5DB /* Base */,
			);
			name = Main.storyboard;
			sourceTree = "<group>";
		};
		B84E86AE21181C8800AFD5DB /* LaunchScreen.storyboard */ = {
			isa = PBXVariantGroup;
			children = (
				B84E86AF21181C8800AFD5DB /* Base */,
			);
			name = LaunchScreen.storyboard;
			sourceTree = "<group>";
		};
/* End PBXVariantGroup section */

/* Begin XCBuildConfiguration section */
		B84E86B421181C8800AFD5DB /* Debug */ = {
			isa = XCBuildConfiguration;
			buildSettings = {
				ALWAYS_SEARCH_USER_PATHS = NO;
				CLANG_ANALYZER_NONNULL = YES;
				CLANG_ANALYZER_NUMBER_OBJECT_CONVERSION = YES_AGGRESSIVE;
				CLANG_CXX_LANGUAGE_STANDARD = "gnu++14";
				CLANG_CXX_LIBRARY = "libc++";
				CLANG_ENABLE_MODULES = YES;
				CLANG_ENABLE_OBJC_ARC = YES;
				CLANG_ENABLE_OBJC_WEAK = YES;
				CLANG_WARN_BLOCK_CAPTURE_AUTORELEASING = YES;
				CLANG_WARN_BOOL_CONVERSION = YES;
				CLANG_WARN_COMMA = YES;
				CLANG_WARN_CONSTANT_CONVERSION = YES;
				CLANG_WARN_DEPRECATED_OBJC_IMPLEMENTATIONS = YES;
				CLANG_WARN_DIRECT_OBJC_ISA_USAGE = YES_ERROR;
				CLANG_WARN_DOCUMENTATION_COMMENTS = YES;
				CLANG_WARN_EMPTY_BODY = YES;
				CLANG_WARN_ENUM_CONVERSION = YES;
				CLANG_WARN_INFINITE_RECURSION = YES;
				CLANG_WARN_INT_CONVERSION = YES;
				CLANG_WARN_NON_LITERAL_NULL_CONVERSION = YES;
				CLANG_WARN_OBJC_IMPLICIT_RETAIN_SELF = YES;
				CLANG_WARN_OBJC_LITERAL_CONVERSION = YES;
				CLANG_WARN_OBJC_ROOT_CLASS = YES_ERROR;
				CLANG_WARN_RANGE_LOOP_ANALYSIS = YES;
				CLANG_WARN_STRICT_PROTOTYPES = YES;
				CLANG_WARN_SUSPICIOUS_MOVE = YES;
				CLANG_WARN_UNGUARDED_AVAILABILITY = YES_AGGRESSIVE;
				CLANG_WARN_UNREACHABLE_CODE = YES;
				CLANG_WARN__DUPLICATE_METHOD_MATCH = YES;
				CODE_SIGN_IDENTITY = "iPhone Developer";
				COPY_PHASE_STRIP = NO;
				DEBUG_INFORMATION_FORMAT = dwarf;
				ENABLE_STRICT_OBJC_MSGSEND = YES;
				ENABLE_TESTABILITY = YES;
				GCC_C_LANGUAGE_STANDARD = gnu11;
				GCC_DYNAMIC_NO_PIC = NO;
				GCC_NO_COMMON_BLOCKS = YES;
				GCC_OPTIMIZATION_LEVEL = 0;
				GCC_PREPROCESSOR_DEFINITIONS = (
					"DEBUG=1",
					"$(inherited)",
				);
				GCC_WARN_64_TO_32_BIT_CONVERSION = YES;
				GCC_WARN_ABOUT_RETURN_TYPE = YES_ERROR;
				GCC_WARN_UNDECLARED_SELECTOR = YES;
				GCC_WARN_UNINITIALIZED_AUTOS = YES_AGGRESSIVE;
				GCC_WARN_UNUSED_FUNCTION = YES;
				GCC_WARN_UNUSED_VARIABLE = YES;
				IPHONEOS_DEPLOYMENT_TARGET = 11.4;
				MTL_ENABLE_DEBUG_INFO = YES;
				ONLY_ACTIVE_ARCH = YES;
				SDKROOT = iphoneos;
			};
			name = Debug;
		};
		B84E86B521181C8800AFD5DB /* Release */ = {
			isa = XCBuildConfiguration;
			buildSettings = {
				ALWAYS_SEARCH_USER_PATHS = NO;
				CLANG_ANALYZER_NONNULL = YES;
				CLANG_ANALYZER_NUMBER_OBJECT_CONVERSION = YES_AGGRESSIVE;
				CLANG_CXX_LANGUAGE_STANDARD = "gnu++14";
				CLANG_CXX_LIBRARY = "libc++";
				CLANG_ENABLE_MODULES = YES;
				CLANG_ENABLE_OBJC_ARC = YES;
				CLANG_ENABLE_OBJC_WEAK = YES;
				CLANG_WARN_BLOCK_CAPTURE_AUTORELEASING = YES;
				CLANG_WARN_BOOL_CONVERSION = YES;
				CLANG_WARN_COMMA = YES;
				CLANG_WARN_CONSTANT_CONVERSION = YES;
				CLANG_WARN_DEPRECATED_OBJC_IMPLEMENTATIONS = YES;
				CLANG_WARN_DIRECT_OBJC_ISA_USAGE = YES_ERROR;
				CLANG_WARN_DOCUMENTATION_COMMENTS = YES;
				CLANG_WARN_EMPTY_BODY = YES;
				CLANG_WARN_ENUM_CONVERSION = YES;
				CLANG_WARN_INFINITE_RECURSION = YES;
				CLANG_WARN_INT_CONVERSION = YES;
				CLANG_WARN_NON_LITERAL_NULL_CONVERSION = YES;
				CLANG_WARN_OBJC_IMPLICIT_RETAIN_SELF = YES;
				CLANG_WARN_OBJC_LITERAL_CONVERSION = YES;
				CLANG_WARN_OBJC_ROOT_CLASS = YES_ERROR;
				CLANG_WARN_RANGE_LOOP_ANALYSIS = YES;
				CLANG_WARN_STRICT_PROTOTYPES = YES;
				CLANG_WARN_SUSPICIOUS_MOVE = YES;
				CLANG_WARN_UNGUARDED_AVAILABILITY = YES_AGGRESSIVE;
				CLANG_WARN_UNREACHABLE_CODE = YES;
				CLANG_WARN__DUPLICATE_METHOD_MATCH = YES;
				CODE_SIGN_IDENTITY = "iPhone Developer";
				COPY_PHASE_STRIP = NO;
				DEBUG_INFORMATION_FORMAT = "dwarf-with-dsym";
				ENABLE_NS_ASSERTIONS = NO;
				ENABLE_STRICT_OBJC_MSGSEND = YES;
				GCC_C_LANGUAGE_STANDARD = gnu11;
				GCC_NO_COMMON_BLOCKS = YES;
				GCC_WARN_64_TO_32_BIT_CONVERSION = YES;
				GCC_WARN_ABOUT_RETURN_TYPE = YES_ERROR;
				GCC_WARN_UNDECLARED_SELECTOR = YES;
				GCC_WARN_UNINITIALIZED_AUTOS = YES_AGGRESSIVE;
				GCC_WARN_UNUSED_FUNCTION = YES;
				GCC_WARN_UNUSED_VARIABLE = YES;
				IPHONEOS_DEPLOYMENT_TARGET = 11.4;
				MTL_ENABLE_DEBUG_INFO = NO;
				SDKROOT = iphoneos;
				VALIDATE_PRODUCT = YES;
			};
			name = Release;
		};
		B84E86B721181C8800AFD5DB /* Debug */ = {
			isa = XCBuildConfiguration;
			buildSettings = {
				ASSETCATALOG_COMPILER_APPICON_NAME = AppIcon;
				CODE_SIGN_STYLE = Automatic;
				INFOPLIST_FILE = WXAMGJRouterDemo/Info.plist;
				LD_RUNPATH_SEARCH_PATHS = (
					"$(inherited)",
					"@executable_path/Frameworks",
				);
				PRODUCT_BUNDLE_IDENTIFIER = wwwwwww.WXAMGJRouterDemo;
				PRODUCT_NAME = "$(TARGET_NAME)";
				TARGETED_DEVICE_FAMILY = "1,2";
			};
			name = Debug;
		};
		B84E86B821181C8800AFD5DB /* Release */ = {
			isa = XCBuildConfiguration;
			buildSettings = {
				ASSETCATALOG_COMPILER_APPICON_NAME = AppIcon;
				CODE_SIGN_STYLE = Automatic;
				INFOPLIST_FILE = WXAMGJRouterDemo/Info.plist;
				LD_RUNPATH_SEARCH_PATHS = (
					"$(inherited)",
					"@executable_path/Frameworks",
				);
				PRODUCT_BUNDLE_IDENTIFIER = wwwwwww.WXAMGJRouterDemo;
				PRODUCT_NAME = "$(TARGET_NAME)";
				TARGETED_DEVICE_FAMILY = "1,2";
			};
			name = Release;
		};
/* End XCBuildConfiguration section */

/* Begin XCConfigurationList section */
		B84E869B21181C8600AFD5DB /* Build configuration list for PBXProject "WXAMGJRouterDemo" */ = {
			isa = XCConfigurationList;
			buildConfigurations = (
				B84E86B421181C8800AFD5DB /* Debug */,
				B84E86B521181C8800AFD5DB /* Release */,
			);
			defaultConfigurationIsVisible = 0;
			defaultConfigurationName = Release;
		};
		B84E86B621181C8800AFD5DB /* Build configuration list for PBXNativeTarget "WXAMGJRouterDemo" */ = {
			isa = XCConfigurationList;
			buildConfigurations = (
				B84E86B721181C8800AFD5DB /* Debug */,
				B84E86B821181C8800AFD5DB /* Release */,
			);
			defaultConfigurationIsVisible = 0;
			defaultConfigurationName = Release;
		};
/* End XCConfigurationList section */
	};
	rootObject = B84E869821181C8600AFD5DB /* Project object */;
}
